// !$*UTF8*$!
{
	archiveVersion = 1;
	classes = {
	};
	objectVersion = 56;
	objects = {

/* Begin PBXBuildFile section */
		931D5FAA2C1C1B9C003B1F89 /* Alamofire in Frameworks */ = {isa = PBXBuildFile; productRef = 931D5FA92C1C1B9C003B1F89 /* Alamofire */; };
		931D5FAC2C1C1B9C003B1F89 /* AlamofireDynamic in Frameworks */ = {isa = PBXBuildFile; productRef = 931D5FAB2C1C1B9C003B1F89 /* AlamofireDynamic */; };
		931D5FAE2C1C1BBD003B1F89 /* APIManager.swift in Sources */ = {isa = PBXBuildFile; fileRef = 931D5FAD2C1C1BBD003B1F89 /* APIManager.swift */; };
		931D5FB02C1C56EE003B1F89 /* ToastView.swift in Sources */ = {isa = PBXBuildFile; fileRef = 931D5FAF2C1C56EE003B1F89 /* ToastView.swift */; };
		93544D502C1B3F88005A7A61 /* AddProdView.swift in Sources */ = {isa = PBXBuildFile; fileRef = 93544D4F2C1B3F88005A7A61 /* AddProdView.swift */; };
		93544D522C1B778C005A7A61 /* AddProdViewModel.swift in Sources */ = {isa = PBXBuildFile; fileRef = 93544D512C1B778C005A7A61 /* AddProdViewModel.swift */; };
		93544D542C1B79A6005A7A61 /* ImagePickerView.swift in Sources */ = {isa = PBXBuildFile; fileRef = 93544D532C1B79A6005A7A61 /* ImagePickerView.swift */; };
		93FF1A0E2C1AFF8C001B8DC1 /* Assignment_StripeApp.swift in Sources */ = {isa = PBXBuildFile; fileRef = 93FF1A0D2C1AFF8C001B8DC1 /* Assignment_StripeApp.swift */; };
		93FF1A102C1AFF8C001B8DC1 /* ContentView.swift in Sources */ = {isa = PBXBuildFile; fileRef = 93FF1A0F2C1AFF8C001B8DC1 /* ContentView.swift */; };
		93FF1A122C1AFF8D001B8DC1 /* Assets.xcassets in Resources */ = {isa = PBXBuildFile; fileRef = 93FF1A112C1AFF8D001B8DC1 /* Assets.xcassets */; };
		93FF1A152C1AFF8D001B8DC1 /* Preview Assets.xcassets in Resources */ = {isa = PBXBuildFile; fileRef = 93FF1A142C1AFF8D001B8DC1 /* Preview Assets.xcassets */; };
		93FF1A1C2C1AFFA2001B8DC1 /* Modal.swift in Sources */ = {isa = PBXBuildFile; fileRef = 93FF1A1B2C1AFFA2001B8DC1 /* Modal.swift */; };
		93FF1A1E2C1B00A5001B8DC1 /* ProductViewModal.swift in Sources */ = {isa = PBXBuildFile; fileRef = 93FF1A1D2C1B00A5001B8DC1 /* ProductViewModal.swift */; };
		93FF1A202C1B0338001B8DC1 /* ProductRowView.swift in Sources */ = {isa = PBXBuildFile; fileRef = 93FF1A1F2C1B0338001B8DC1 /* ProductRowView.swift */; };
		93FF1A222C1B0554001B8DC1 /* AsyncImageView.swift in Sources */ = {isa = PBXBuildFile; fileRef = 93FF1A212C1B0554001B8DC1 /* AsyncImageView.swift */; };
/* End PBXBuildFile section */

/* Begin PBXFileReference section */
		931D5FAD2C1C1BBD003B1F89 /* APIManager.swift */ = {isa = PBXFileReference; lastKnownFileType = sourcecode.swift; path = APIManager.swift; sourceTree = "<group>"; };
		931D5FAF2C1C56EE003B1F89 /* ToastView.swift */ = {isa = PBXFileReference; lastKnownFileType = sourcecode.swift; path = ToastView.swift; sourceTree = "<group>"; };
		93544D4F2C1B3F88005A7A61 /* AddProdView.swift */ = {isa = PBXFileReference; lastKnownFileType = sourcecode.swift; path = AddProdView.swift; sourceTree = "<group>"; };
		93544D512C1B778C005A7A61 /* AddProdViewModel.swift */ = {isa = PBXFileReference; lastKnownFileType = sourcecode.swift; path = AddProdViewModel.swift; sourceTree = "<group>"; };
		93544D532C1B79A6005A7A61 /* ImagePickerView.swift */ = {isa = PBXFileReference; lastKnownFileType = sourcecode.swift; path = ImagePickerView.swift; sourceTree = "<group>"; };
		93FF1A0A2C1AFF8C001B8DC1 /* Assignment_Stripe.app */ = {isa = PBXFileReference; explicitFileType = wrapper.application; includeInIndex = 0; path = Assignment_Stripe.app; sourceTree = BUILT_PRODUCTS_DIR; };
		93FF1A0D2C1AFF8C001B8DC1 /* Assignment_StripeApp.swift */ = {isa = PBXFileReference; lastKnownFileType = sourcecode.swift; path = Assignment_StripeApp.swift; sourceTree = "<group>"; };
		93FF1A0F2C1AFF8C001B8DC1 /* ContentView.swift */ = {isa = PBXFileReference; lastKnownFileType = sourcecode.swift; path = ContentView.swift; sourceTree = "<group>"; };
		93FF1A112C1AFF8D001B8DC1 /* Assets.xcassets */ = {isa = PBXFileReference; lastKnownFileType = folder.assetcatalog; path = Assets.xcassets; sourceTree = "<group>"; };
		93FF1A142C1AFF8D001B8DC1 /* Preview Assets.xcassets */ = {isa = PBXFileReference; lastKnownFileType = folder.assetcatalog; path = "Preview Assets.xcassets"; sourceTree = "<group>"; };
		93FF1A1B2C1AFFA2001B8DC1 /* Modal.swift */ = {isa = PBXFileReference; lastKnownFileType = sourcecode.swift; path = Modal.swift; sourceTree = "<group>"; };
		93FF1A1D2C1B00A5001B8DC1 /* ProductViewModal.swift */ = {isa = PBXFileReference; lastKnownFileType = sourcecode.swift; path = ProductViewModal.swift; sourceTree = "<group>"; };
		93FF1A1F2C1B0338001B8DC1 /* ProductRowView.swift */ = {isa = PBXFileReference; lastKnownFileType = sourcecode.swift; path = ProductRowView.swift; sourceTree = "<group>"; };
		93FF1A212C1B0554001B8DC1 /* AsyncImageView.swift */ = {isa = PBXFileReference; lastKnownFileType = sourcecode.swift; path = AsyncImageView.swift; sourceTree = "<group>"; };
/* End PBXFileReference section */

/* Begin PBXFrameworksBuildPhase section */
		93FF1A072C1AFF8C001B8DC1 /* Frameworks */ = {
			isa = PBXFrameworksBuildPhase;
			buildActionMask = 2147483647;
			files = (
				931D5FAA2C1C1B9C003B1F89 /* Alamofire in Frameworks */,
				931D5FAC2C1C1B9C003B1F89 /* AlamofireDynamic in Frameworks */,
			);
			runOnlyForDeploymentPostprocessing = 0;
		};
/* End PBXFrameworksBuildPhase section */

/* Begin PBXGroup section */
		931D5FA72C1C1B7B003B1F89 /* Frameworks */ = {
			isa = PBXGroup;
			children = (
			);
			name = Frameworks;
			sourceTree = "<group>";
		};
		931D5FB12C1C599D003B1F89 /* MainUI */ = {
			isa = PBXGroup;
			children = (
				93FF1A0F2C1AFF8C001B8DC1 /* ContentView.swift */,
				93544D4F2C1B3F88005A7A61 /* AddProdView.swift */,
				93FF1A1F2C1B0338001B8DC1 /* ProductRowView.swift */,
			);
			path = MainUI;
			sourceTree = "<group>";
		};
		931D5FB22C1C59B4003B1F89 /* HelperUI */ = {
			isa = PBXGroup;
			children = (
				931D5FAF2C1C56EE003B1F89 /* ToastView.swift */,
				93FF1A212C1B0554001B8DC1 /* AsyncImageView.swift */,
				93544D532C1B79A6005A7A61 /* ImagePickerView.swift */,
			);
			path = HelperUI;
			sourceTree = "<group>";
		};
		9384F07A2C1B144A00DE81C9 /* Modal */ = {
			isa = PBXGroup;
			children = (
				93FF1A1B2C1AFFA2001B8DC1 /* Modal.swift */,
			);
			path = Modal;
			sourceTree = "<group>";
		};
		9384F07B2C1B145800DE81C9 /* ViewModal */ = {
			isa = PBXGroup;
			children = (
				93FF1A1D2C1B00A5001B8DC1 /* ProductViewModal.swift */,
				93544D512C1B778C005A7A61 /* AddProdViewModel.swift */,
				931D5FAD2C1C1BBD003B1F89 /* APIManager.swift */,
			);
			path = ViewModal;
			sourceTree = "<group>";
		};
		9384F07C2C1B146C00DE81C9 /* Views */ = {
			isa = PBXGroup;
			children = (
				931D5FB12C1C599D003B1F89 /* MainUI */,
				931D5FB22C1C59B4003B1F89 /* HelperUI */,
			);
			path = Views;
			sourceTree = "<group>";
		};
		93FF1A012C1AFF8C001B8DC1 = {
			isa = PBXGroup;
			children = (
				93FF1A0C2C1AFF8C001B8DC1 /* Assignment_Stripe */,
				93FF1A0B2C1AFF8C001B8DC1 /* Products */,
				931D5FA72C1C1B7B003B1F89 /* Frameworks */,
			);
			sourceTree = "<group>";
		};
		93FF1A0B2C1AFF8C001B8DC1 /* Products */ = {
			isa = PBXGroup;
			children = (
				93FF1A0A2C1AFF8C001B8DC1 /* Assignment_Stripe.app */,
			);
			name = Products;
			sourceTree = "<group>";
		};
		93FF1A0C2C1AFF8C001B8DC1 /* Assignment_Stripe */ = {
			isa = PBXGroup;
			children = (
				93FF1A0D2C1AFF8C001B8DC1 /* Assignment_StripeApp.swift */,
				9384F07C2C1B146C00DE81C9 /* Views */,
				9384F07A2C1B144A00DE81C9 /* Modal */,
				9384F07B2C1B145800DE81C9 /* ViewModal */,
				93FF1A112C1AFF8D001B8DC1 /* Assets.xcassets */,
				93FF1A132C1AFF8D001B8DC1 /* Preview Content */,
			);
			path = Assignment_Stripe;
			sourceTree = "<group>";
		};
		93FF1A132C1AFF8D001B8DC1 /* Preview Content */ = {
			isa = PBXGroup;
			children = (
				93FF1A142C1AFF8D001B8DC1 /* Preview Assets.xcassets */,
			);
			path = "Preview Content";
			sourceTree = "<group>";
		};
/* End PBXGroup section */

/* Begin PBXNativeTarget section */
		93FF1A092C1AFF8C001B8DC1 /* Assignment_Stripe */ = {
			isa = PBXNativeTarget;
			buildConfigurationList = 93FF1A182C1AFF8D001B8DC1 /* Build configuration list for PBXNativeTarget "Assignment_Stripe" */;
			buildPhases = (
				93FF1A062C1AFF8C001B8DC1 /* Sources */,
				93FF1A072C1AFF8C001B8DC1 /* Frameworks */,
				93FF1A082C1AFF8C001B8DC1 /* Resources */,
			);
			buildRules = (
			);
			dependencies = (
			);
			name = Assignment_Stripe;
			packageProductDependencies = (
				931D5FA92C1C1B9C003B1F89 /* Alamofire */,
				931D5FAB2C1C1B9C003B1F89 /* AlamofireDynamic */,
			);
			productName = Assignment_Stripe;
			productReference = 93FF1A0A2C1AFF8C001B8DC1 /* Assignment_Stripe.app */;
			productType = "com.apple.product-type.application";
		};
/* End PBXNativeTarget section */

/* Begin PBXProject section */
		93FF1A022C1AFF8C001B8DC1 /* Project object */ = {
			isa = PBXProject;
			attributes = {
				BuildIndependentTargetsInParallel = 1;
				LastSwiftUpdateCheck = 1530;
				LastUpgradeCheck = 1530;
				TargetAttributes = {
					93FF1A092C1AFF8C001B8DC1 = {
						CreatedOnToolsVersion = 15.3;
					};
				};
			};
			buildConfigurationList = 93FF1A052C1AFF8C001B8DC1 /* Build configuration list for PBXProject "Assignment_Stripe" */;
			compatibilityVersion = "Xcode 14.0";
			developmentRegion = en;
			hasScannedForEncodings = 0;
			knownRegions = (
				en,
				Base,
			);
			mainGroup = 93FF1A012C1AFF8C001B8DC1;
			packageReferences = (
				931D5FA82C1C1B9C003B1F89 /* XCRemoteSwiftPackageReference "Alamofire" */,
			);
			productRefGroup = 93FF1A0B2C1AFF8C001B8DC1 /* Products */;
			projectDirPath = "";
			projectRoot = "";
			targets = (
				93FF1A092C1AFF8C001B8DC1 /* Assignment_Stripe */,
			);
		};
/* End PBXProject section */

/* Begin PBXResourcesBuildPhase section */
		93FF1A082C1AFF8C001B8DC1 /* Resources */ = {
			isa = PBXResourcesBuildPhase;
			buildActionMask = 2147483647;
			files = (
				93FF1A152C1AFF8D001B8DC1 /* Preview Assets.xcassets in Resources */,
				93FF1A122C1AFF8D001B8DC1 /* Assets.xcassets in Resources */,
			);
			runOnlyForDeploymentPostprocessing = 0;
		};
/* End PBXResourcesBuildPhase section */

/* Begin PBXSourcesBuildPhase section */
		93FF1A062C1AFF8C001B8DC1 /* Sources */ = {
			isa = PBXSourcesBuildPhase;
			buildActionMask = 2147483647;
			files = (
				93FF1A202C1B0338001B8DC1 /* ProductRowView.swift in Sources */,
				93FF1A102C1AFF8C001B8DC1 /* ContentView.swift in Sources */,
				931D5FAE2C1C1BBD003B1F89 /* APIManager.swift in Sources */,
				93FF1A1C2C1AFFA2001B8DC1 /* Modal.swift in Sources */,
				93544D522C1B778C005A7A61 /* AddProdViewModel.swift in Sources */,
				93544D542C1B79A6005A7A61 /* ImagePickerView.swift in Sources */,
				931D5FB02C1C56EE003B1F89 /* ToastView.swift in Sources */,
				93FF1A1E2C1B00A5001B8DC1 /* ProductViewModal.swift in Sources */,
				93FF1A0E2C1AFF8C001B8DC1 /* Assignment_StripeApp.swift in Sources */,
				93544D502C1B3F88005A7A61 /* AddProdView.swift in Sources */,
				93FF1A222C1B0554001B8DC1 /* AsyncImageView.swift in Sources */,
			);
			runOnlyForDeploymentPostprocessing = 0;
		};
/* End PBXSourcesBuildPhase section */

/* Begin XCBuildConfiguration section */
		93FF1A162C1AFF8D001B8DC1 /* Debug */ = {
			isa = XCBuildConfiguration;
			buildSettings = {
				ALWAYS_SEARCH_USER_PATHS = NO;
				ASSETCATALOG_COMPILER_GENERATE_SWIFT_ASSET_SYMBOL_EXTENSIONS = YES;
				CLANG_ANALYZER_NONNULL = YES;
				CLANG_ANALYZER_NUMBER_OBJECT_CONVERSION = YES_AGGRESSIVE;
				CLANG_CXX_LANGUAGE_STANDARD = "gnu++20";
				CLANG_ENABLE_MODULES = YES;
				CLANG_ENABLE_OBJC_ARC = YES;
				CLANG_ENABLE_OBJC_WEAK = YES;
				CLANG_WARN_BLOCK_CAPTURE_AUTORELEASING = YES;
				CLANG_WARN_BOOL_CONVERSION = YES;
				CLANG_WARN_COMMA = YES;
				CLANG_WARN_CONSTANT_CONVERSION = YES;
				CLANG_WARN_DEPRECATED_OBJC_IMPLEMENTATIONS = YES;
				CLANG_WARN_DIRECT_OBJC_ISA_USAGE = YES_ERROR;
				CLANG_WARN_DOCUMENTATION_COMMENTS = YES;
				CLANG_WARN_EMPTY_BODY = YES;
				CLANG_WARN_ENUM_CONVERSION = YES;
				CLANG_WARN_INFINITE_RECURSION = YES;
				CLANG_WARN_INT_CONVERSION = YES;
				CLANG_WARN_NON_LITERAL_NULL_CONVERSION = YES;
				CLANG_WARN_OBJC_IMPLICIT_RETAIN_SELF = YES;
				CLANG_WARN_OBJC_LITERAL_CONVERSION = YES;
				CLANG_WARN_OBJC_ROOT_CLASS = YES_ERROR;
				CLANG_WARN_QUOTED_INCLUDE_IN_FRAMEWORK_HEADER = YES;
				CLANG_WARN_RANGE_LOOP_ANALYSIS = YES;
				CLANG_WARN_STRICT_PROTOTYPES = YES;
				CLANG_WARN_SUSPICIOUS_MOVE = YES;
				CLANG_WARN_UNGUARDED_AVAILABILITY = YES_AGGRESSIVE;
				CLANG_WARN_UNREACHABLE_CODE = YES;
				CLANG_WARN__DUPLICATE_METHOD_MATCH = YES;
				COPY_PHASE_STRIP = NO;
				DEBUG_INFORMATION_FORMAT = dwarf;
				ENABLE_STRICT_OBJC_MSGSEND = YES;
				ENABLE_TESTABILITY = YES;
				ENABLE_USER_SCRIPT_SANDBOXING = YES;
				GCC_C_LANGUAGE_STANDARD = gnu17;
				GCC_DYNAMIC_NO_PIC = NO;
				GCC_NO_COMMON_BLOCKS = YES;
				GCC_OPTIMIZATION_LEVEL = 0;
				GCC_PREPROCESSOR_DEFINITIONS = (
					"DEBUG=1",
					"$(inherited)",
				);
				GCC_WARN_64_TO_32_BIT_CONVERSION = YES;
				GCC_WARN_ABOUT_RETURN_TYPE = YES_ERROR;
				GCC_WARN_UNDECLARED_SELECTOR = YES;
				GCC_WARN_UNINITIALIZED_AUTOS = YES_AGGRESSIVE;
				GCC_WARN_UNUSED_FUNCTION = YES;
				GCC_WARN_UNUSED_VARIABLE = YES;
				IPHONEOS_DEPLOYMENT_TARGET = 17.4;
				LOCALIZATION_PREFERS_STRING_CATALOGS = YES;
				MTL_ENABLE_DEBUG_INFO = INCLUDE_SOURCE;
				MTL_FAST_MATH = YES;
				ONLY_ACTIVE_ARCH = YES;
				SDKROOT = iphoneos;
				SWIFT_ACTIVE_COMPILATION_CONDITIONS = "DEBUG $(inherited)";
				SWIFT_OPTIMIZATION_LEVEL = "-Onone";
			};
			name = Debug;
		};
		93FF1A172C1AFF8D001B8DC1 /* Release */ = {
			isa = XCBuildConfiguration;
			buildSettings = {
				ALWAYS_SEARCH_USER_PATHS = NO;
				ASSETCATALOG_COMPILER_GENERATE_SWIFT_ASSET_SYMBOL_EXTENSIONS = YES;
				CLANG_ANALYZER_NONNULL = YES;
				CLANG_ANALYZER_NUMBER_OBJECT_CONVERSION = YES_AGGRESSIVE;
				CLANG_CXX_LANGUAGE_STANDARD = "gnu++20";
				CLANG_ENABLE_MODULES = YES;
				CLANG_ENABLE_OBJC_ARC = YES;
				CLANG_ENABLE_OBJC_WEAK = YES;
				CLANG_WARN_BLOCK_CAPTURE_AUTORELEASING = YES;
				CLANG_WARN_BOOL_CONVERSION = YES;
				CLANG_WARN_COMMA = YES;
				CLANG_WARN_CONSTANT_CONVERSION = YES;
				CLANG_WARN_DEPRECATED_OBJC_IMPLEMENTATIONS = YES;
				CLANG_WARN_DIRECT_OBJC_ISA_USAGE = YES_ERROR;
				CLANG_WARN_DOCUMENTATION_COMMENTS = YES;
				CLANG_WARN_EMPTY_BODY = YES;
				CLANG_WARN_ENUM_CONVERSION = YES;
				CLANG_WARN_INFINITE_RECURSION = YES;
				CLANG_WARN_INT_CONVERSION = YES;
				CLANG_WARN_NON_LITERAL_NULL_CONVERSION = YES;
				CLANG_WARN_OBJC_IMPLICIT_RETAIN_SELF = YES;
				CLANG_WARN_OBJC_LITERAL_CONVERSION = YES;
				CLANG_WARN_OBJC_ROOT_CLASS = YES_ERROR;
				CLANG_WARN_QUOTED_INCLUDE_IN_FRAMEWORK_HEADER = YES;
				CLANG_WARN_RANGE_LOOP_ANALYSIS = YES;
				CLANG_WARN_STRICT_PROTOTYPES = YES;
				CLANG_WARN_SUSPICIOUS_MOVE = YES;
				CLANG_WARN_UNGUARDED_AVAILABILITY = YES_AGGRESSIVE;
				CLANG_WARN_UNREACHABLE_CODE = YES;
				CLANG_WARN__DUPLICATE_METHOD_MATCH = YES;
				COPY_PHASE_STRIP = NO;
				DEBUG_INFORMATION_FORMAT = "dwarf-with-dsym";
				ENABLE_NS_ASSERTIONS = NO;
				ENABLE_STRICT_OBJC_MSGSEND = YES;
				ENABLE_USER_SCRIPT_SANDBOXING = YES;
				GCC_C_LANGUAGE_STANDARD = gnu17;
				GCC_NO_COMMON_BLOCKS = YES;
				GCC_WARN_64_TO_32_BIT_CONVERSION = YES;
				GCC_WARN_ABOUT_RETURN_TYPE = YES_ERROR;
				GCC_WARN_UNDECLARED_SELECTOR = YES;
				GCC_WARN_UNINITIALIZED_AUTOS = YES_AGGRESSIVE;
				GCC_WARN_UNUSED_FUNCTION = YES;
				GCC_WARN_UNUSED_VARIABLE = YES;
				IPHONEOS_DEPLOYMENT_TARGET = 17.4;
				LOCALIZATION_PREFERS_STRING_CATALOGS = YES;
				MTL_ENABLE_DEBUG_INFO = NO;
				MTL_FAST_MATH = YES;
				SDKROOT = iphoneos;
				SWIFT_COMPILATION_MODE = wholemodule;
				VALIDATE_PRODUCT = YES;
			};
			name = Release;
		};
		93FF1A192C1AFF8D001B8DC1 /* Debug */ = {
			isa = XCBuildConfiguration;
			buildSettings = {
				ASSETCATALOG_COMPILER_APPICON_NAME = AppIcon;
				ASSETCATALOG_COMPILER_GLOBAL_ACCENT_COLOR_NAME = AccentColor;
				CODE_SIGN_STYLE = Automatic;
				CURRENT_PROJECT_VERSION = 1;
				DEVELOPMENT_ASSET_PATHS = "\"Assignment_Stripe/Preview Content\"";
				DEVELOPMENT_TEAM = 3L9388XQ7S;
				ENABLE_PREVIEWS = YES;
				GENERATE_INFOPLIST_FILE = YES;
				INFOPLIST_KEY_UIApplicationSceneManifest_Generation = YES;
				INFOPLIST_KEY_UIApplicationSupportsIndirectInputEvents = YES;
				INFOPLIST_KEY_UILaunchScreen_Generation = YES;
				INFOPLIST_KEY_UISupportedInterfaceOrientations_iPad = "UIInterfaceOrientationPortrait UIInterfaceOrientationPortraitUpsideDown UIInterfaceOrientationLandscapeLeft UIInterfaceOrientationLandscapeRight";
				INFOPLIST_KEY_UISupportedInterfaceOrientations_iPhone = "UIInterfaceOrientationPortrait UIInterfaceOrientationLandscapeLeft UIInterfaceOrientationLandscapeRight";
				LD_RUNPATH_SEARCH_PATHS = (
					"$(inherited)",
					"@executable_path/Frameworks",
				);
				MARKETING_VERSION = 1.0;
				PRODUCT_BUNDLE_IDENTIFIER = "com.example.Assignment-Stripe";
				PRODUCT_NAME = "$(TARGET_NAME)";
				SWIFT_EMIT_LOC_STRINGS = YES;
				SWIFT_VERSION = 5.0;
				TARGETED_DEVICE_FAMILY = "1,2";
			};
			name = Debug;
		};
		93FF1A1A2C1AFF8D001B8DC1 /* Release */ = {
			isa = XCBuildConfiguration;
			buildSettings = {
				ASSETCATALOG_COMPILER_APPICON_NAME = AppIcon;
				ASSETCATALOG_COMPILER_GLOBAL_ACCENT_COLOR_NAME = AccentColor;
				CODE_SIGN_STYLE = Automatic;
				CURRENT_PROJECT_VERSION = 1;
				DEVELOPMENT_ASSET_PATHS = "\"Assignment_Stripe/Preview Content\"";
				DEVELOPMENT_TEAM = 3L9388XQ7S;
				ENABLE_PREVIEWS = YES;
				GENERATE_INFOPLIST_FILE = YES;
				INFOPLIST_KEY_UIApplicationSceneManifest_Generation = YES;
				INFOPLIST_KEY_UIApplicationSupportsIndirectInputEvents = YES;
				INFOPLIST_KEY_UILaunchScreen_Generation = YES;
				INFOPLIST_KEY_UISupportedInterfaceOrientations_iPad = "UIInterfaceOrientationPortrait UIInterfaceOrientationPortraitUpsideDown UIInterfaceOrientationLandscapeLeft UIInterfaceOrientationLandscapeRight";
				INFOPLIST_KEY_UISupportedInterfaceOrientations_iPhone = "UIInterfaceOrientationPortrait UIInterfaceOrientationLandscapeLeft UIInterfaceOrientationLandscapeRight";
				LD_RUNPATH_SEARCH_PATHS = (
					"$(inherited)",
					"@executable_path/Frameworks",
				);
				MARKETING_VERSION = 1.0;
				PRODUCT_BUNDLE_IDENTIFIER = "com.example.Assignment-Stripe";
				PRODUCT_NAME = "$(TARGET_NAME)";
				SWIFT_EMIT_LOC_STRINGS = YES;
				SWIFT_VERSION = 5.0;
				TARGETED_DEVICE_FAMILY = "1,2";
			};
			name = Release;
		};
/* End XCBuildConfiguration section */

/* Begin XCConfigurationList section */
		93FF1A052C1AFF8C001B8DC1 /* Build configuration list for PBXProject "Assignment_Stripe" */ = {
			isa = XCConfigurationList;
			buildConfigurations = (
				93FF1A162C1AFF8D001B8DC1 /* Debug */,
				93FF1A172C1AFF8D001B8DC1 /* Release */,
			);
			defaultConfigurationIsVisible = 0;
			defaultConfigurationName = Release;
		};
		93FF1A182C1AFF8D001B8DC1 /* Build configuration list for PBXNativeTarget "Assignment_Stripe" */ = {
			isa = XCConfigurationList;
			buildConfigurations = (
				93FF1A192C1AFF8D001B8DC1 /* Debug */,
				93FF1A1A2C1AFF8D001B8DC1 /* Release */,
			);
			defaultConfigurationIsVisible = 0;
			defaultConfigurationName = Release;
		};
/* End XCConfigurationList section */

/* Begin XCRemoteSwiftPackageReference section */
		931D5FA82C1C1B9C003B1F89 /* XCRemoteSwiftPackageReference "Alamofire" */ = {
			isa = XCRemoteSwiftPackageReference;
			repositoryURL = "https://github.com/Alamofire/Alamofire.git";
			requirement = {
				kind = upToNextMajorVersion;
				minimumVersion = 5.9.1;
			};
		};
/* End XCRemoteSwiftPackageReference section */

/* Begin XCSwiftPackageProductDependency section */
		931D5FA92C1C1B9C003B1F89 /* Alamofire */ = {
			isa = XCSwiftPackageProductDependency;
			package = 931D5FA82C1C1B9C003B1F89 /* XCRemoteSwiftPackageReference "Alamofire" */;
			productName = Alamofire;
		};
		931D5FAB2C1C1B9C003B1F89 /* AlamofireDynamic */ = {
			isa = XCSwiftPackageProductDependency;
			package = 931D5FA82C1C1B9C003B1F89 /* XCRemoteSwiftPackageReference "Alamofire" */;
			productName = AlamofireDynamic;
		};
/* End XCSwiftPackageProductDependency section */
	};
	rootObject = 93FF1A022C1AFF8C001B8DC1 /* Project object */;
}
